
Microsoft Visual Studio Solution File, Format Version 12.00
# Visual Studio Version 17
VisualStudioVersion = 17.6.33712.159
MinimumVisualStudioVersion = 10.0.40219.1
Project("{9A19103F-16F7-4668-BE54-9A1E7A4F7556}") = "Assignment", "Assignment\Assignment.csproj", "{7FFFBFCF-940D-423D-83D2-03D7CAC9E99D}"
EndProject
Project("{9A19103F-16F7-4668-BE54-9A1E7A4F7556}") = "DAO", "DAO\DAO.csproj", "{D811DFA6-B8F9-4195-8B9D-3FA28EBBA228}"
EndProject
Project("{FAE04EC0-301F-11D3-BF4B-00C04F79EFBC}") = "BUS", "BUS\BUS.csproj", "{92FB6F79-1011-4DD4-95F4-B43C3EA1A014}"
EndProject
Project("{FAE04EC0-301F-11D3-BF4B-00C04F79EFBC}") = "DTO", "DTO\DTO.csproj", "{1B681E6A-D2F9-4B70-B3DE-AE11BE507D39}"
EndProject
Global
	GlobalSection(SolutionConfigurationPlatforms) = preSolution
		Debug|Any CPU = Debug|Any CPU
		Release|Any CPU = Release|Any CPU
	EndGlobalSection
	GlobalSection(ProjectConfigurationPlatforms) = postSolution
		{7FFFBFCF-940D-423D-83D2-03D7CAC9E99D}.Debug|Any CPU.ActiveCfg = Debug|Any CPU
		{7FFFBFCF-940D-423D-83D2-03D7CAC9E99D}.Debug|Any CPU.Build.0 = Debug|Any CPU
		{7FFFBFCF-940D-423D-83D2-03D7CAC9E99D}.Release|Any CPU.ActiveCfg = Release|Any CPU
		{7FFFBFCF-940D-423D-83D2-03D7CAC9E99D}.Release|Any CPU.Build.0 = Release|Any CPU
		{D811DFA6-B8F9-4195-8B9D-3FA28EBBA228}.Debug|Any CPU.ActiveCfg = Debug|Any CPU
		{D811DFA6-B8F9-4195-8B9D-3FA28EBBA228}.Debug|Any CPU.Build.0 = Debug|Any CPU
		{D811DFA6-B8F9-4195-8B9D-3FA28EBBA228}.Release|Any CPU.ActiveCfg = Release|Any CPU
		{D811DFA6-B8F9-4195-8B9D-3FA28EBBA228}.Release|Any CPU.Build.0 = Release|Any CPU
		{92FB6F79-1011-4DD4-95F4-B43C3EA1A014}.Debug|Any CPU.ActiveCfg = Debug|Any CPU
		{92FB6F79-1011-4DD4-95F4-B43C3EA1A014}.Debug|Any CPU.Build.0 = Debug|Any CPU
		{92FB6F79-1011-4DD4-95F4-B43C3EA1A014}.Release|Any CPU.ActiveCfg = Release|Any CPU
		{92FB6F79-1011-4DD4-95F4-B43C3EA1A014}.Release|Any CPU.Build.0 = Release|Any CPU
		{1B681E6A-D2F9-4B70-B3DE-AE11BE507D39}.Debug|Any CPU.ActiveCfg = Debug|Any CPU
		{1B681E6A-D2F9-4B70-B3DE-AE11BE507D39}.Debug|Any CPU.Build.0 = Debug|Any CPU
		{1B681E6A-D2F9-4B70-B3DE-AE11BE507D39}.Release|Any CPU.ActiveCfg = Release|Any CPU
		{1B681E6A-D2F9-4B70-B3DE-AE11BE507D39}.Release|Any CPU.Build.0 = Release|Any CPU
	EndGlobalSection
	GlobalSection(SolutionProperties) = preSolution
		HideSolutionNode = FALSE
	EndGlobalSection
	GlobalSection(ExtensibilityGlobals) = postSolution
		SolutionGuid = {2E48032F-FD6B-41FB-B66C-662B574BCE35}
	EndGlobalSection
EndGlobal
